// !$*UTF8*$!
{
	archiveVersion = 1;
	classes = {
	};
	objectVersion = 56;
	objects = {

/* Begin PBXBuildFile section */
		59EBA1862B30950E00D91A92 /* AppDelegate.swift in Sources */ = {isa = PBXBuildFile; fileRef = 59EBA1852B30950E00D91A92 /* AppDelegate.swift */; };
		59EBA1882B30950E00D91A92 /* SceneDelegate.swift in Sources */ = {isa = PBXBuildFile; fileRef = 59EBA1872B30950E00D91A92 /* SceneDelegate.swift */; };
		59EBA18A2B30950E00D91A92 /* ViewController.swift in Sources */ = {isa = PBXBuildFile; fileRef = 59EBA1892B30950E00D91A92 /* ViewController.swift */; };
		59EBA18D2B30950E00D91A92 /* Main.storyboard in Resources */ = {isa = PBXBuildFile; fileRef = 59EBA18B2B30950E00D91A92 /* Main.storyboard */; };
		59EBA1902B30950E00D91A92 /* UsingTabBar.xcdatamodeld in Sources */ = {isa = PBXBuildFile; fileRef = 59EBA18E2B30950E00D91A92 /* UsingTabBar.xcdatamodeld */; };
		59EBA1922B30950F00D91A92 /* Assets.xcassets in Resources */ = {isa = PBXBuildFile; fileRef = 59EBA1912B30950F00D91A92 /* Assets.xcassets */; };
		59EBA1952B30950F00D91A92 /* LaunchScreen.storyboard in Resources */ = {isa = PBXBuildFile; fileRef = 59EBA1932B30950F00D91A92 /* LaunchScreen.storyboard */; };
		59EBA1A02B30950F00D91A92 /* UsingTabBarTests.swift in Sources */ = {isa = PBXBuildFile; fileRef = 59EBA19F2B30950F00D91A92 /* UsingTabBarTests.swift */; };
		59EBA1AA2B30950F00D91A92 /* UsingTabBarUITests.swift in Sources */ = {isa = PBXBuildFile; fileRef = 59EBA1A92B30950F00D91A92 /* UsingTabBarUITests.swift */; };
		59EBA1AC2B30950F00D91A92 /* UsingTabBarUITestsLaunchTests.swift in Sources */ = {isa = PBXBuildFile; fileRef = 59EBA1AB2B30950F00D91A92 /* UsingTabBarUITestsLaunchTests.swift */; };
/* End PBXBuildFile section */

/* Begin PBXContainerItemProxy section */
		59EBA19C2B30950F00D91A92 /* PBXContainerItemProxy */ = {
			isa = PBXContainerItemProxy;
			containerPortal = 59EBA17A2B30950E00D91A92 /* Project object */;
			proxyType = 1;
			remoteGlobalIDString = 59EBA1812B30950E00D91A92;
			remoteInfo = UsingTabBar;
		};
		59EBA1A62B30950F00D91A92 /* PBXContainerItemProxy */ = {
			isa = PBXContainerItemProxy;
			containerPortal = 59EBA17A2B30950E00D91A92 /* Project object */;
			proxyType = 1;
			remoteGlobalIDString = 59EBA1812B30950E00D91A92;
			remoteInfo = UsingTabBar;
		};
/* End PBXContainerItemProxy section */

/* Begin PBXFileReference section */
		59EBA1822B30950E00D91A92 /* UsingTabBar.app */ = {isa = PBXFileReference; explicitFileType = wrapper.application; includeInIndex = 0; path = UsingTabBar.app; sourceTree = BUILT_PRODUCTS_DIR; };
		59EBA1852B30950E00D91A92 /* AppDelegate.swift */ = {isa = PBXFileReference; lastKnownFileType = sourcecode.swift; path = AppDelegate.swift; sourceTree = "<group>"; };
		59EBA1872B30950E00D91A92 /* SceneDelegate.swift */ = {isa = PBXFileReference; lastKnownFileType = sourcecode.swift; path = SceneDelegate.swift; sourceTree = "<group>"; };
		59EBA1892B30950E00D91A92 /* ViewController.swift */ = {isa = PBXFileReference; lastKnownFileType = sourcecode.swift; path = ViewController.swift; sourceTree = "<group>"; };
		59EBA18C2B30950E00D91A92 /* Base */ = {isa = PBXFileReference; lastKnownFileType = file.storyboard; name = Base; path = Base.lproj/Main.storyboard; sourceTree = "<group>"; };
		59EBA18F2B30950E00D91A92 /* UsingTabBar.xcdatamodel */ = {isa = PBXFileReference; lastKnownFileType = wrapper.xcdatamodel; path = UsingTabBar.xcdatamodel; sourceTree = "<group>"; };
		59EBA1912B30950F00D91A92 /* Assets.xcassets */ = {isa = PBXFileReference; lastKnownFileType = folder.assetcatalog; path = Assets.xcassets; sourceTree = "<group>"; };
		59EBA1942B30950F00D91A92 /* Base */ = {isa = PBXFileReference; lastKnownFileType = file.storyboard; name = Base; path = Base.lproj/LaunchScreen.storyboard; sourceTree = "<group>"; };
		59EBA1962B30950F00D91A92 /* Info.plist */ = {isa = PBXFileReference; lastKnownFileType = text.plist.xml; path = Info.plist; sourceTree = "<group>"; };
		59EBA19B2B30950F00D91A92 /* UsingTabBarTests.xctest */ = {isa = PBXFileReference; explicitFileType = wrapper.cfbundle; includeInIndex = 0; path = UsingTabBarTests.xctest; sourceTree = BUILT_PRODUCTS_DIR; };
		59EBA19F2B30950F00D91A92 /* UsingTabBarTests.swift */ = {isa = PBXFileReference; lastKnownFileType = sourcecode.swift; path = UsingTabBarTests.swift; sourceTree = "<group>"; };
		59EBA1A52B30950F00D91A92 /* UsingTabBarUITests.xctest */ = {isa = PBXFileReference; explicitFileType = wrapper.cfbundle; includeInIndex = 0; path = UsingTabBarUITests.xctest; sourceTree = BUILT_PRODUCTS_DIR; };
		59EBA1A92B30950F00D91A92 /* UsingTabBarUITests.swift */ = {isa = PBXFileReference; lastKnownFileType = sourcecode.swift; path = UsingTabBarUITests.swift; sourceTree = "<group>"; };
		59EBA1AB2B30950F00D91A92 /* UsingTabBarUITestsLaunchTests.swift */ = {isa = PBXFileReference; lastKnownFileType = sourcecode.swift; path = UsingTabBarUITestsLaunchTests.swift; sourceTree = "<group>"; };
/* End PBXFileReference section */

/* Begin PBXFrameworksBuildPhase section */
		59EBA17F2B30950E00D91A92 /* Frameworks */ = {
			isa = PBXFrameworksBuildPhase;
			buildActionMask = 2147483647;
			files = (
			);
			runOnlyForDeploymentPostprocessing = 0;
		};
		59EBA1982B30950F00D91A92 /* Frameworks */ = {
			isa = PBXFrameworksBuildPhase;
			buildActionMask = 2147483647;
			files = (
			);
			runOnlyForDeploymentPostprocessing = 0;
		};
		59EBA1A22B30950F00D91A92 /* Frameworks */ = {
			isa = PBXFrameworksBuildPhase;
			buildActionMask = 2147483647;
			files = (
			);
			runOnlyForDeploymentPostprocessing = 0;
		};
/* End PBXFrameworksBuildPhase section */

/* Begin PBXGroup section */
		59EBA1792B30950E00D91A92 = {
			isa = PBXGroup;
			children = (
				59EBA1842B30950E00D91A92 /* UsingTabBar */,
				59EBA19E2B30950F00D91A92 /* UsingTabBarTests */,
				59EBA1A82B30950F00D91A92 /* UsingTabBarUITests */,
				59EBA1832B30950E00D91A92 /* Products */,
			);
			sourceTree = "<group>";
		};
		59EBA1832B30950E00D91A92 /* Products */ = {
			isa = PBXGroup;
			children = (
				59EBA1822B30950E00D91A92 /* UsingTabBar.app */,
				59EBA19B2B30950F00D91A92 /* UsingTabBarTests.xctest */,
				59EBA1A52B30950F00D91A92 /* UsingTabBarUITests.xctest */,
			);
			name = Products;
			sourceTree = "<group>";
		};
		59EBA1842B30950E00D91A92 /* UsingTabBar */ = {
			isa = PBXGroup;
			children = (
				59EBA1852B30950E00D91A92 /* AppDelegate.swift */,
				59EBA1872B30950E00D91A92 /* SceneDelegate.swift */,
				59EBA1892B30950E00D91A92 /* ViewController.swift */,
				59EBA18B2B30950E00D91A92 /* Main.storyboard */,
				59EBA1912B30950F00D91A92 /* Assets.xcassets */,
				59EBA1932B30950F00D91A92 /* LaunchScreen.storyboard */,
				59EBA1962B30950F00D91A92 /* Info.plist */,
				59EBA18E2B30950E00D91A92 /* UsingTabBar.xcdatamodeld */,
			);
			path = UsingTabBar;
			sourceTree = "<group>";
		};
		59EBA19E2B30950F00D91A92 /* UsingTabBarTests */ = {
			isa = PBXGroup;
			children = (
				59EBA19F2B30950F00D91A92 /* UsingTabBarTests.swift */,
			);
			path = UsingTabBarTests;
			sourceTree = "<group>";
		};
		59EBA1A82B30950F00D91A92 /* UsingTabBarUITests */ = {
			isa = PBXGroup;
			children = (
				59EBA1A92B30950F00D91A92 /* UsingTabBarUITests.swift */,
				59EBA1AB2B30950F00D91A92 /* UsingTabBarUITestsLaunchTests.swift */,
			);
			path = UsingTabBarUITests;
			sourceTree = "<group>";
		};
/* End PBXGroup section */

/* Begin PBXNativeTarget section */
		59EBA1812B30950E00D91A92 /* UsingTabBar */ = {
			isa = PBXNativeTarget;
			buildConfigurationList = 59EBA1AF2B30950F00D91A92 /* Build configuration list for PBXNativeTarget "UsingTabBar" */;
			buildPhases = (
				59EBA17E2B30950E00D91A92 /* Sources */,
				59EBA17F2B30950E00D91A92 /* Frameworks */,
				59EBA1802B30950E00D91A92 /* Resources */,
			);
			buildRules = (
			);
			dependencies = (
			);
			name = UsingTabBar;
			productName = UsingTabBar;
			productReference = 59EBA1822B30950E00D91A92 /* UsingTabBar.app */;
			productType = "com.apple.product-type.application";
		};
		59EBA19A2B30950F00D91A92 /* UsingTabBarTests */ = {
			isa = PBXNativeTarget;
			buildConfigurationList = 59EBA1B22B30950F00D91A92 /* Build configuration list for PBXNativeTarget "UsingTabBarTests" */;
			buildPhases = (
				59EBA1972B30950F00D91A92 /* Sources */,
				59EBA1982B30950F00D91A92 /* Frameworks */,
				59EBA1992B30950F00D91A92 /* Resources */,
			);
			buildRules = (
			);
			dependencies = (
				59EBA19D2B30950F00D91A92 /* PBXTargetDependency */,
			);
			name = UsingTabBarTests;
			productName = UsingTabBarTests;
			productReference = 59EBA19B2B30950F00D91A92 /* UsingTabBarTests.xctest */;
			productType = "com.apple.product-type.bundle.unit-test";
		};
		59EBA1A42B30950F00D91A92 /* UsingTabBarUITests */ = {
			isa = PBXNativeTarget;
			buildConfigurationList = 59EBA1B52B30950F00D91A92 /* Build configuration list for PBXNativeTarget "UsingTabBarUITests" */;
			buildPhases = (
				59EBA1A12B30950F00D91A92 /* Sources */,
				59EBA1A22B30950F00D91A92 /* Frameworks */,
				59EBA1A32B30950F00D91A92 /* Resources */,
			);
			buildRules = (
			);
			dependencies = (
				59EBA1A72B30950F00D91A92 /* PBXTargetDependency */,
			);
			name = UsingTabBarUITests;
			productName = UsingTabBarUITests;
			productReference = 59EBA1A52B30950F00D91A92 /* UsingTabBarUITests.xctest */;
			productType = "com.apple.product-type.bundle.ui-testing";
		};
/* End PBXNativeTarget section */

/* Begin PBXProject section */
		59EBA17A2B30950E00D91A92 /* Project object */ = {
			isa = PBXProject;
			attributes = {
				BuildIndependentTargetsInParallel = 1;
				LastSwiftUpdateCheck = 1430;
				LastUpgradeCheck = 1430;
				TargetAttributes = {
					59EBA1812B30950E00D91A92 = {
						CreatedOnToolsVersion = 14.3;
					};
					59EBA19A2B30950F00D91A92 = {
						CreatedOnToolsVersion = 14.3;
						TestTargetID = 59EBA1812B30950E00D91A92;
					};
					59EBA1A42B30950F00D91A92 = {
						CreatedOnToolsVersion = 14.3;
						TestTargetID = 59EBA1812B30950E00D91A92;
					};
				};
			};
			buildConfigurationList = 59EBA17D2B30950E00D91A92 /* Build configuration list for PBXProject "UsingTabBar" */;
			compatibilityVersion = "Xcode 14.0";
			developmentRegion = en;
			hasScannedForEncodings = 0;
			knownRegions = (
				en,
				Base,
			);
			mainGroup = 59EBA1792B30950E00D91A92;
			productRefGroup = 59EBA1832B30950E00D91A92 /* Products */;
			projectDirPath = "";
			projectRoot = "";
			targets = (
				59EBA1812B30950E00D91A92 /* UsingTabBar */,
				59EBA19A2B30950F00D91A92 /* UsingTabBarTests */,
				59EBA1A42B30950F00D91A92 /* UsingTabBarUITests */,
			);
		};
/* End PBXProject section */

/* Begin PBXResourcesBuildPhase section */
		59EBA1802B30950E00D91A92 /* Resources */ = {
			isa = PBXResourcesBuildPhase;
			buildActionMask = 2147483647;
			files = (
				59EBA1952B30950F00D91A92 /* LaunchScreen.storyboard in Resources */,
				59EBA1922B30950F00D91A92 /* Assets.xcassets in Resources */,
				59EBA18D2B30950E00D91A92 /* Main.storyboard in Resources */,
			);
			runOnlyForDeploymentPostprocessing = 0;
		};
		59EBA1992B30950F00D91A92 /* Resources */ = {
			isa = PBXResourcesBuildPhase;
			buildActionMask = 2147483647;
			files = (
			);
			runOnlyForDeploymentPostprocessing = 0;
		};
		59EBA1A32B30950F00D91A92 /* Resources */ = {
			isa = PBXResourcesBuildPhase;
			buildActionMask = 2147483647;
			files = (
			);
			runOnlyForDeploymentPostprocessing = 0;
		};
/* End PBXResourcesBuildPhase section */

/* Begin PBXSourcesBuildPhase section */
		59EBA17E2B30950E00D91A92 /* Sources */ = {
			isa = PBXSourcesBuildPhase;
			buildActionMask = 2147483647;
			files = (
				59EBA18A2B30950E00D91A92 /* ViewController.swift in Sources */,
				59EBA1862B30950E00D91A92 /* AppDelegate.swift in Sources */,
				59EBA1902B30950E00D91A92 /* UsingTabBar.xcdatamodeld in Sources */,
				59EBA1882B30950E00D91A92 /* SceneDelegate.swift in Sources */,
			);
			runOnlyForDeploymentPostprocessing = 0;
		};
		59EBA1972B30950F00D91A92 /* Sources */ = {
			isa = PBXSourcesBuildPhase;
			buildActionMask = 2147483647;
			files = (
				59EBA1A02B30950F00D91A92 /* UsingTabBarTests.swift in Sources */,
			);
			runOnlyForDeploymentPostprocessing = 0;
		};
		59EBA1A12B30950F00D91A92 /* Sources */ = {
			isa = PBXSourcesBuildPhase;
			buildActionMask = 2147483647;
			files = (
				59EBA1AA2B30950F00D91A92 /* UsingTabBarUITests.swift in Sources */,
				59EBA1AC2B30950F00D91A92 /* UsingTabBarUITestsLaunchTests.swift in Sources */,
			);
			runOnlyForDeploymentPostprocessing = 0;
		};
/* End PBXSourcesBuildPhase section */

/* Begin PBXTargetDependency section */
		59EBA19D2B30950F00D91A92 /* PBXTargetDependency */ = {
			isa = PBXTargetDependency;
			target = 59EBA1812B30950E00D91A92 /* UsingTabBar */;
			targetProxy = 59EBA19C2B30950F00D91A92 /* PBXContainerItemProxy */;
		};
		59EBA1A72B30950F00D91A92 /* PBXTargetDependency */ = {
			isa = PBXTargetDependency;
			target = 59EBA1812B30950E00D91A92 /* UsingTabBar */;
			targetProxy = 59EBA1A62B30950F00D91A92 /* PBXContainerItemProxy */;
		};
/* End PBXTargetDependency section */

/* Begin PBXVariantGroup section */
		59EBA18B2B30950E00D91A92 /* Main.storyboard */ = {
			isa = PBXVariantGroup;
			children = (
				59EBA18C2B30950E00D91A92 /* Base */,
			);
			name = Main.storyboard;
			sourceTree = "<group>";
		};
		59EBA1932B30950F00D91A92 /* LaunchScreen.storyboard */ = {
			isa = PBXVariantGroup;
			children = (
				59EBA1942B30950F00D91A92 /* Base */,
			);
			name = LaunchScreen.storyboard;
			sourceTree = "<group>";
		};
/* End PBXVariantGroup section */

/* Begin XCBuildConfiguration section */
		59EBA1AD2B30950F00D91A92 /* Debug */ = {
			isa = XCBuildConfiguration;
			buildSettings = {
				ALWAYS_SEARCH_USER_PATHS = NO;
				CLANG_ANALYZER_NONNULL = YES;
				CLANG_ANALYZER_NUMBER_OBJECT_CONVERSION = YES_AGGRESSIVE;
				CLANG_CXX_LANGUAGE_STANDARD = "gnu++20";
				CLANG_ENABLE_MODULES = YES;
				CLANG_ENABLE_OBJC_ARC = YES;
				CLANG_ENABLE_OBJC_WEAK = YES;
				CLANG_WARN_BLOCK_CAPTURE_AUTORELEASING = YES;
				CLANG_WARN_BOOL_CONVERSION = YES;
				CLANG_WARN_COMMA = YES;
				CLANG_WARN_CONSTANT_CONVERSION = YES;
				CLANG_WARN_DEPRECATED_OBJC_IMPLEMENTATIONS = YES;
				CLANG_WARN_DIRECT_OBJC_ISA_USAGE = YES_ERROR;
				CLANG_WARN_DOCUMENTATION_COMMENTS = YES;
				CLANG_WARN_EMPTY_BODY = YES;
				CLANG_WARN_ENUM_CONVERSION = YES;
				CLANG_WARN_INFINITE_RECURSION = YES;
				CLANG_WARN_INT_CONVERSION = YES;
				CLANG_WARN_NON_LITERAL_NULL_CONVERSION = YES;
				CLANG_WARN_OBJC_IMPLICIT_RETAIN_SELF = YES;
				CLANG_WARN_OBJC_LITERAL_CONVERSION = YES;
				CLANG_WARN_OBJC_ROOT_CLASS = YES_ERROR;
				CLANG_WARN_QUOTED_INCLUDE_IN_FRAMEWORK_HEADER = YES;
				CLANG_WARN_RANGE_LOOP_ANALYSIS = YES;
				CLANG_WARN_STRICT_PROTOTYPES = YES;
				CLANG_WARN_SUSPICIOUS_MOVE = YES;
				CLANG_WARN_UNGUARDED_AVAILABILITY = YES_AGGRESSIVE;
				CLANG_WARN_UNREACHABLE_CODE = YES;
				CLANG_WARN__DUPLICATE_METHOD_MATCH = YES;
				COPY_PHASE_STRIP = NO;
				DEBUG_INFORMATION_FORMAT = dwarf;
				ENABLE_STRICT_OBJC_MSGSEND = YES;
				ENABLE_TESTABILITY = YES;
				GCC_C_LANGUAGE_STANDARD = gnu11;
				GCC_DYNAMIC_NO_PIC = NO;
				GCC_NO_COMMON_BLOCKS = YES;
				GCC_OPTIMIZATION_LEVEL = 0;
				GCC_PREPROCESSOR_DEFINITIONS = (
					"DEBUG=1",
					"$(inherited)",
				);
				GCC_WARN_64_TO_32_BIT_CONVERSION = YES;
				GCC_WARN_ABOUT_RETURN_TYPE = YES_ERROR;
				GCC_WARN_UNDECLARED_SELECTOR = YES;
				GCC_WARN_UNINITIALIZED_AUTOS = YES_AGGRESSIVE;
				GCC_WARN_UNUSED_FUNCTION = YES;
				GCC_WARN_UNUSED_VARIABLE = YES;
				IPHONEOS_DEPLOYMENT_TARGET = 16.4;
				MTL_ENABLE_DEBUG_INFO = INCLUDE_SOURCE;
				MTL_FAST_MATH = YES;
				ONLY_ACTIVE_ARCH = YES;
				SDKROOT = iphoneos;
				SWIFT_ACTIVE_COMPILATION_CONDITIONS = DEBUG;
				SWIFT_OPTIMIZATION_LEVEL = "-Onone";
			};
			name = Debug;
		};
		59EBA1AE2B30950F00D91A92 /* Release */ = {
			isa = XCBuildConfiguration;
			buildSettings = {
				ALWAYS_SEARCH_USER_PATHS = NO;
				CLANG_ANALYZER_NONNULL = YES;
				CLANG_ANALYZER_NUMBER_OBJECT_CONVERSION = YES_AGGRESSIVE;
				CLANG_CXX_LANGUAGE_STANDARD = "gnu++20";
				CLANG_ENABLE_MODULES = YES;
				CLANG_ENABLE_OBJC_ARC = YES;
				CLANG_ENABLE_OBJC_WEAK = YES;
				CLANG_WARN_BLOCK_CAPTURE_AUTORELEASING = YES;
				CLANG_WARN_BOOL_CONVERSION = YES;
				CLANG_WARN_COMMA = YES;
				CLANG_WARN_CONSTANT_CONVERSION = YES;
				CLANG_WARN_DEPRECATED_OBJC_IMPLEMENTATIONS = YES;
				CLANG_WARN_DIRECT_OBJC_ISA_USAGE = YES_ERROR;
				CLANG_WARN_DOCUMENTATION_COMMENTS = YES;
				CLANG_WARN_EMPTY_BODY = YES;
				CLANG_WARN_ENUM_CONVERSION = YES;
				CLANG_WARN_INFINITE_RECURSION = YES;
				CLANG_WARN_INT_CONVERSION = YES;
				CLANG_WARN_NON_LITERAL_NULL_CONVERSION = YES;
				CLANG_WARN_OBJC_IMPLICIT_RETAIN_SELF = YES;
				CLANG_WARN_OBJC_LITERAL_CONVERSION = YES;
				CLANG_WARN_OBJC_ROOT_CLASS = YES_ERROR;
				CLANG_WARN_QUOTED_INCLUDE_IN_FRAMEWORK_HEADER = YES;
				CLANG_WARN_RANGE_LOOP_ANALYSIS = YES;
				CLANG_WARN_STRICT_PROTOTYPES = YES;
				CLANG_WARN_SUSPICIOUS_MOVE = YES;
				CLANG_WARN_UNGUARDED_AVAILABILITY = YES_AGGRESSIVE;
				CLANG_WARN_UNREACHABLE_CODE = YES;
				CLANG_WARN__DUPLICATE_METHOD_MATCH = YES;
				COPY_PHASE_STRIP = NO;
				DEBUG_INFORMATION_FORMAT = "dwarf-with-dsym";
				ENABLE_NS_ASSERTIONS = NO;
				ENABLE_STRICT_OBJC_MSGSEND = YES;
				GCC_C_LANGUAGE_STANDARD = gnu11;
				GCC_NO_COMMON_BLOCKS = YES;
				GCC_WARN_64_TO_32_BIT_CONVERSION = YES;
				GCC_WARN_ABOUT_RETURN_TYPE = YES_ERROR;
				GCC_WARN_UNDECLARED_SELECTOR = YES;
				GCC_WARN_UNINITIALIZED_AUTOS = YES_AGGRESSIVE;
				GCC_WARN_UNUSED_FUNCTION = YES;
				GCC_WARN_UNUSED_VARIABLE = YES;
				IPHONEOS_DEPLOYMENT_TARGET = 16.4;
				MTL_ENABLE_DEBUG_INFO = NO;
				MTL_FAST_MATH = YES;
				SDKROOT = iphoneos;
				SWIFT_COMPILATION_MODE = wholemodule;
				SWIFT_OPTIMIZATION_LEVEL = "-O";
				VALIDATE_PRODUCT = YES;
			};
			name = Release;
		};
		59EBA1B02B30950F00D91A92 /* Debug */ = {
			isa = XCBuildConfiguration;
			buildSettings = {
				ASSETCATALOG_COMPILER_APPICON_NAME = AppIcon;
				ASSETCATALOG_COMPILER_GLOBAL_ACCENT_COLOR_NAME = AccentColor;
				CODE_SIGN_STYLE = Automatic;
				CURRENT_PROJECT_VERSION = 1;
				GENERATE_INFOPLIST_FILE = YES;
				INFOPLIST_FILE = UsingTabBar/Info.plist;
				INFOPLIST_KEY_UIApplicationSupportsIndirectInputEvents = YES;
				INFOPLIST_KEY_UILaunchStoryboardName = LaunchScreen;
				INFOPLIST_KEY_UIMainStoryboardFile = Main;
				INFOPLIST_KEY_UISupportedInterfaceOrientations_iPad = "UIInterfaceOrientationPortrait UIInterfaceOrientationPortraitUpsideDown UIInterfaceOrientationLandscapeLeft UIInterfaceOrientationLandscapeRight";
				INFOPLIST_KEY_UISupportedInterfaceOrientations_iPhone = "UIInterfaceOrientationPortrait UIInterfaceOrientationLandscapeLeft UIInterfaceOrientationLandscapeRight";
				LD_RUNPATH_SEARCH_PATHS = (
					"$(inherited)",
					"@executable_path/Frameworks",
				);
				MARKETING_VERSION = 1.0;
				PRODUCT_BUNDLE_IDENTIFIER = BRK.UsingTabBar;
				PRODUCT_NAME = "$(TARGET_NAME)";
				SWIFT_EMIT_LOC_STRINGS = YES;
				SWIFT_VERSION = 5.0;
				TARGETED_DEVICE_FAMILY = "1,2";
			};
			name = Debug;
		};
		59EBA1B12B30950F00D91A92 /* Release */ = {
			isa = XCBuildConfiguration;
			buildSettings = {
				ASSETCATALOG_COMPILER_APPICON_NAME = AppIcon;
				ASSETCATALOG_COMPILER_GLOBAL_ACCENT_COLOR_NAME = AccentColor;
				CODE_SIGN_STYLE = Automatic;
				CURRENT_PROJECT_VERSION = 1;
				GENERATE_INFOPLIST_FILE = YES;
				INFOPLIST_FILE = UsingTabBar/Info.plist;
				INFOPLIST_KEY_UIApplicationSupportsIndirectInputEvents = YES;
				INFOPLIST_KEY_UILaunchStoryboardName = LaunchScreen;
				INFOPLIST_KEY_UIMainStoryboardFile = Main;
				INFOPLIST_KEY_UISupportedInterfaceOrientations_iPad = "UIInterfaceOrientationPortrait UIInterfaceOrientationPortraitUpsideDown UIInterfaceOrientationLandscapeLeft UIInterfaceOrientationLandscapeRight";
				INFOPLIST_KEY_UISupportedInterfaceOrientations_iPhone = "UIInterfaceOrientationPortrait UIInterfaceOrientationLandscapeLeft UIInterfaceOrientationLandscapeRight";
				LD_RUNPATH_SEARCH_PATHS = (
					"$(inherited)",
					"@executable_path/Frameworks",
				);
				MARKETING_VERSION = 1.0;
				PRODUCT_BUNDLE_IDENTIFIER = BRK.UsingTabBar;
				PRODUCT_NAME = "$(TARGET_NAME)";
				SWIFT_EMIT_LOC_STRINGS = YES;
				SWIFT_VERSION = 5.0;
				TARGETED_DEVICE_FAMILY = "1,2";
			};
			name = Release;
		};
		59EBA1B32B30950F00D91A92 /* Debug */ = {
			isa = XCBuildConfiguration;
			buildSettings = {
				ALWAYS_EMBED_SWIFT_STANDARD_LIBRARIES = YES;
				BUNDLE_LOADER = "$(TEST_HOST)";
				CODE_SIGN_STYLE = Automatic;
				CURRENT_PROJECT_VERSION = 1;
				GENERATE_INFOPLIST_FILE = YES;
				IPHONEOS_DEPLOYMENT_TARGET = 16.4;
				MARKETING_VERSION = 1.0;
				PRODUCT_BUNDLE_IDENTIFIER = BRK.UsingTabBarTests;
				PRODUCT_NAME = "$(TARGET_NAME)";
				SWIFT_EMIT_LOC_STRINGS = NO;
				SWIFT_VERSION = 5.0;
				TARGETED_DEVICE_FAMILY = "1,2";
				TEST_HOST = "$(BUILT_PRODUCTS_DIR)/UsingTabBar.app/$(BUNDLE_EXECUTABLE_FOLDER_PATH)/UsingTabBar";
			};
			name = Debug;
		};
		59EBA1B42B30950F00D91A92 /* Release */ = {
			isa = XCBuildConfiguration;
			buildSettings = {
				ALWAYS_EMBED_SWIFT_STANDARD_LIBRARIES = YES;
				BUNDLE_LOADER = "$(TEST_HOST)";
				CODE_SIGN_STYLE = Automatic;
				CURRENT_PROJECT_VERSION = 1;
				GENERATE_INFOPLIST_FILE = YES;
				IPHONEOS_DEPLOYMENT_TARGET = 16.4;
				MARKETING_VERSION = 1.0;
				PRODUCT_BUNDLE_IDENTIFIER = BRK.UsingTabBarTests;
				PRODUCT_NAME = "$(TARGET_NAME)";
				SWIFT_EMIT_LOC_STRINGS = NO;
				SWIFT_VERSION = 5.0;
				TARGETED_DEVICE_FAMILY = "1,2";
				TEST_HOST = "$(BUILT_PRODUCTS_DIR)/UsingTabBar.app/$(BUNDLE_EXECUTABLE_FOLDER_PATH)/UsingTabBar";
			};
			name = Release;
		};
		59EBA1B62B30950F00D91A92 /* Debug */ = {
			isa = XCBuildConfiguration;
			buildSettings = {
				ALWAYS_EMBED_SWIFT_STANDARD_LIBRARIES = YES;
				CODE_SIGN_STYLE = Automatic;
				CURRENT_PROJECT_VERSION = 1;
				GENERATE_INFOPLIST_FILE = YES;
				MARKETING_VERSION = 1.0;
				PRODUCT_BUNDLE_IDENTIFIER = BRK.UsingTabBarUITests;
				PRODUCT_NAME = "$(TARGET_NAME)";
				SWIFT_EMIT_LOC_STRINGS = NO;
				SWIFT_VERSION = 5.0;
				TARGETED_DEVICE_FAMILY = "1,2";
				TEST_TARGET_NAME = UsingTabBar;
			};
			name = Debug;
		};
		59EBA1B72B30950F00D91A92 /* Release */ = {
			isa = XCBuildConfiguration;
			buildSettings = {
				ALWAYS_EMBED_SWIFT_STANDARD_LIBRARIES = YES;
				CODE_SIGN_STYLE = Automatic;
				CURRENT_PROJECT_VERSION = 1;
				GENERATE_INFOPLIST_FILE = YES;
				MARKETING_VERSION = 1.0;
				PRODUCT_BUNDLE_IDENTIFIER = BRK.UsingTabBarUITests;
				PRODUCT_NAME = "$(TARGET_NAME)";
				SWIFT_EMIT_LOC_STRINGS = NO;
				SWIFT_VERSION = 5.0;
				TARGETED_DEVICE_FAMILY = "1,2";
				TEST_TARGET_NAME = UsingTabBar;
			};
			name = Release;
		};
/* End XCBuildConfiguration section */

/* Begin XCConfigurationList section */
		59EBA17D2B30950E00D91A92 /* Build configuration list for PBXProject "UsingTabBar" */ = {
			isa = XCConfigurationList;
			buildConfigurations = (
				59EBA1AD2B30950F00D91A92 /* Debug */,
				59EBA1AE2B30950F00D91A92 /* Release */,
			);
			defaultConfigurationIsVisible = 0;
			defaultConfigurationName = Release;
		};
		59EBA1AF2B30950F00D91A92 /* Build configuration list for PBXNativeTarget "UsingTabBar" */ = {
			isa = XCConfigurationList;
			buildConfigurations = (
				59EBA1B02B30950F00D91A92 /* Debug */,
				59EBA1B12B30950F00D91A92 /* Release */,
			);
			defaultConfigurationIsVisible = 0;
			defaultConfigurationName = Release;
		};
		59EBA1B22B30950F00D91A92 /* Build configuration list for PBXNativeTarget "UsingTabBarTests" */ = {
			isa = XCConfigurationList;
			buildConfigurations = (
				59EBA1B32B30950F00D91A92 /* Debug */,
				59EBA1B42B30950F00D91A92 /* Release */,
			);
			defaultConfigurationIsVisible = 0;
			defaultConfigurationName = Release;
		};
		59EBA1B52B30950F00D91A92 /* Build configuration list for PBXNativeTarget "UsingTabBarUITests" */ = {
			isa = XCConfigurationList;
			buildConfigurations = (
				59EBA1B62B30950F00D91A92 /* Debug */,
				59EBA1B72B30950F00D91A92 /* Release */,
			);
			defaultConfigurationIsVisible = 0;
			defaultConfigurationName = Release;
		};
/* End XCConfigurationList section */

/* Begin XCVersionGroup section */
		59EBA18E2B30950E00D91A92 /* UsingTabBar.xcdatamodeld */ = {
			isa = XCVersionGroup;
			children = (
				59EBA18F2B30950E00D91A92 /* UsingTabBar.xcdatamodel */,
			);
			currentVersion = 59EBA18F2B30950E00D91A92 /* UsingTabBar.xcdatamodel */;
			path = UsingTabBar.xcdatamodeld;
			sourceTree = "<group>";
			versionGroupType = wrapper.xcdatamodel;
		};
/* End XCVersionGroup section */
	};
	rootObject = 59EBA17A2B30950E00D91A92 /* Project object */;
}
